
Microsoft Visual Studio Solution File, Format Version 11.00
# Visual Studio 2010
Project("{FAE04EC0-301F-11D3-BF4B-00C04F79EFBC}") = "Jquery.Thunder", "jquery.thunder\Jquery.Thunder.csproj", "{3812B536-BA0B-4D4E-AEB7-DB12066C4DE0}"
EndProject
Global
	GlobalSection(SolutionConfigurationPlatforms) = preSolution
		Debug|Any CPU = Debug|Any CPU
		Release|Any CPU = Release|Any CPU
	EndGlobalSection
	GlobalSection(ProjectConfigurationPlatforms) = postSolution
		{3812B536-BA0B-4D4E-AEB7-DB12066C4DE0}.Debug|Any CPU.ActiveCfg = Debug|Any CPU
		{3812B536-BA0B-4D4E-AEB7-DB12066C4DE0}.Debug|Any CPU.Build.0 = Debug|Any CPU
		{3812B536-BA0B-4D4E-AEB7-DB12066C4DE0}.Release|Any CPU.ActiveCfg = Release|Any CPU
		{3812B536-BA0B-4D4E-AEB7-DB12066C4DE0}.Release|Any CPU.Build.0 = Release|Any CPU
	EndGlobalSection
	GlobalSection(SolutionProperties) = preSolution
		HideSolutionNode = FALSE
	EndGlobalSection
EndGlobal
